
Microsoft Visual Studio Solution File, Format Version 12.00
# Visual Studio Version 16
VisualStudioVersion = 16.0.809.7
MinimumVisualStudioVersion = 10.0.40219.1
Project("{FAE04EC0-301F-11D3-BF4B-00C04F79EFBC}") = "NewsArticle", "NewsArticle\NewsArticle.csproj", "{DBD619F3-A7D8-4B0A-88CA-3E18CB1CB2E9}"
EndProject
Project("{FAE04EC0-301F-11D3-BF4B-00C04F79EFBC}") = "ArticleClient", "ArticleClient\ArticleClient.csproj", "{3E1A8960-ED62-488B-A1F9-013B36BCDA66}"
EndProject
Global
	GlobalSection(SolutionConfigurationPlatforms) = preSolution
		Debug|Any CPU = Debug|Any CPU
		Release|Any CPU = Release|Any CPU
	EndGlobalSection
	GlobalSection(ProjectConfigurationPlatforms) = postSolution
		{DBD619F3-A7D8-4B0A-88CA-3E18CB1CB2E9}.Debug|Any CPU.ActiveCfg = Debug|Any CPU
		{DBD619F3-A7D8-4B0A-88CA-3E18CB1CB2E9}.Debug|Any CPU.Build.0 = Debug|Any CPU
		{DBD619F3-A7D8-4B0A-88CA-3E18CB1CB2E9}.Release|Any CPU.ActiveCfg = Release|Any CPU
		{DBD619F3-A7D8-4B0A-88CA-3E18CB1CB2E9}.Release|Any CPU.Build.0 = Release|Any CPU
		{3E1A8960-ED62-488B-A1F9-013B36BCDA66}.Debug|Any CPU.ActiveCfg = Debug|Any CPU
		{3E1A8960-ED62-488B-A1F9-013B36BCDA66}.Debug|Any CPU.Build.0 = Debug|Any CPU
		{3E1A8960-ED62-488B-A1F9-013B36BCDA66}.Release|Any CPU.ActiveCfg = Release|Any CPU
		{3E1A8960-ED62-488B-A1F9-013B36BCDA66}.Release|Any CPU.Build.0 = Release|Any CPU
	EndGlobalSection
	GlobalSection(SolutionProperties) = preSolution
		HideSolutionNode = FALSE
	EndGlobalSection
	GlobalSection(ExtensibilityGlobals) = postSolution
		SolutionGuid = {48DACE03-266F-4941-82BE-89C7454DD743}
	EndGlobalSection
EndGlobal
